
Microsoft Visual Studio Solution File, Format Version 12.00
# Visual Studio Version 17
VisualStudioVersion = 17.0.31903.59
MinimumVisualStudioVersion = 10.0.40219.1
Project("{2150E333-8FDC-42A3-9474-1A3956D46DE8}") = "src", "src", "{827E0CD3-B72D-47B6-A68D-7590B98EB39B}"
EndProject
Project("{FAE04EC0-301F-11D3-BF4B-00C04F79EFBC}") = "ShipIt.Domain", "src\ShipIt.Domain\ShipIt.Domain.csproj", "{AB1ADF02-89B3-4843-A521-28446D89DB0C}"
EndProject
Project("{FAE04EC0-301F-11D3-BF4B-00C04F79EFBC}") = "ShipIt.Application", "src\ShipIt.Application\ShipIt.Application.csproj", "{7B0EBF67-C2B5-4C02-83D3-2C2AF9AF44F7}"
EndProject
Project("{FAE04EC0-301F-11D3-BF4B-00C04F79EFBC}") = "ShipIt.Infrastructure", "src\ShipIt.Infrastructure\ShipIt.Infrastructure.csproj", "{EFCB7215-91F5-4DBF-8B8E-B37ACA369FFD}"
EndProject
Project("{FAE04EC0-301F-11D3-BF4B-00C04F79EFBC}") = "ShipIt.Api", "src\ShipIt.Api\ShipIt.Api.csproj", "{BB9F2F7B-F93A-4D91-B28C-1676AB92DDF0}"
EndProject
Project("{2150E333-8FDC-42A3-9474-1A3956D46DE8}") = "tests", "tests", "{0AB3BF05-4346-4AA6-1389-037BE0695223}"
EndProject
Project("{FAE04EC0-301F-11D3-BF4B-00C04F79EFBC}") = "ShipIt.Tests", "tests\ShipIt.Tests\ShipIt.Tests.csproj", "{E0A9EC7F-FA41-4A9E-AC5C-DFA5ED7D6AC2}"
EndProject
Global
	GlobalSection(SolutionConfigurationPlatforms) = preSolution
		Debug|Any CPU = Debug|Any CPU
		Debug|x64 = Debug|x64
		Debug|x86 = Debug|x86
		Release|Any CPU = Release|Any CPU
		Release|x64 = Release|x64
		Release|x86 = Release|x86
	EndGlobalSection
	GlobalSection(ProjectConfigurationPlatforms) = postSolution
		{AB1ADF02-89B3-4843-A521-28446D89DB0C}.Debug|Any CPU.ActiveCfg = Debug|Any CPU
		{AB1ADF02-89B3-4843-A521-28446D89DB0C}.Debug|Any CPU.Build.0 = Debug|Any CPU
		{AB1ADF02-89B3-4843-A521-28446D89DB0C}.Debug|x64.ActiveCfg = Debug|Any CPU
		{AB1ADF02-89B3-4843-A521-28446D89DB0C}.Debug|x64.Build.0 = Debug|Any CPU
		{AB1ADF02-89B3-4843-A521-28446D89DB0C}.Debug|x86.ActiveCfg = Debug|Any CPU
		{AB1ADF02-89B3-4843-A521-28446D89DB0C}.Debug|x86.Build.0 = Debug|Any CPU
		{AB1ADF02-89B3-4843-A521-28446D89DB0C}.Release|Any CPU.ActiveCfg = Release|Any CPU
		{AB1ADF02-89B3-4843-A521-28446D89DB0C}.Release|Any CPU.Build.0 = Release|Any CPU
		{AB1ADF02-89B3-4843-A521-28446D89DB0C}.Release|x64.ActiveCfg = Release|Any CPU
		{AB1ADF02-89B3-4843-A521-28446D89DB0C}.Release|x64.Build.0 = Release|Any CPU
		{AB1ADF02-89B3-4843-A521-28446D89DB0C}.Release|x86.ActiveCfg = Release|Any CPU
		{AB1ADF02-89B3-4843-A521-28446D89DB0C}.Release|x86.Build.0 = Release|Any CPU
		{7B0EBF67-C2B5-4C02-83D3-2C2AF9AF44F7}.Debug|Any CPU.ActiveCfg = Debug|Any CPU
		{7B0EBF67-C2B5-4C02-83D3-2C2AF9AF44F7}.Debug|Any CPU.Build.0 = Debug|Any CPU
		{7B0EBF67-C2B5-4C02-83D3-2C2AF9AF44F7}.Debug|x64.ActiveCfg = Debug|Any CPU
		{7B0EBF67-C2B5-4C02-83D3-2C2AF9AF44F7}.Debug|x64.Build.0 = Debug|Any CPU
		{7B0EBF67-C2B5-4C02-83D3-2C2AF9AF44F7}.Debug|x86.ActiveCfg = Debug|Any CPU
		{7B0EBF67-C2B5-4C02-83D3-2C2AF9AF44F7}.Debug|x86.Build.0 = Debug|Any CPU
		{7B0EBF67-C2B5-4C02-83D3-2C2AF9AF44F7}.Release|Any CPU.ActiveCfg = Release|Any CPU
		{7B0EBF67-C2B5-4C02-83D3-2C2AF9AF44F7}.Release|Any CPU.Build.0 = Release|Any CPU
		{7B0EBF67-C2B5-4C02-83D3-2C2AF9AF44F7}.Release|x64.ActiveCfg = Release|Any CPU
		{7B0EBF67-C2B5-4C02-83D3-2C2AF9AF44F7}.Release|x64.Build.0 = Release|Any CPU
		{7B0EBF67-C2B5-4C02-83D3-2C2AF9AF44F7}.Release|x86.ActiveCfg = Release|Any CPU
		{7B0EBF67-C2B5-4C02-83D3-2C2AF9AF44F7}.Release|x86.Build.0 = Release|Any CPU
		{EFCB7215-91F5-4DBF-8B8E-B37ACA369FFD}.Debug|Any CPU.ActiveCfg = Debug|Any CPU
		{EFCB7215-91F5-4DBF-8B8E-B37ACA369FFD}.Debug|Any CPU.Build.0 = Debug|Any CPU
		{EFCB7215-91F5-4DBF-8B8E-B37ACA369FFD}.Debug|x64.ActiveCfg = Debug|Any CPU
		{EFCB7215-91F5-4DBF-8B8E-B37ACA369FFD}.Debug|x64.Build.0 = Debug|Any CPU
		{EFCB7215-91F5-4DBF-8B8E-B37ACA369FFD}.Debug|x86.ActiveCfg = Debug|Any CPU
		{EFCB7215-91F5-4DBF-8B8E-B37ACA369FFD}.Debug|x86.Build.0 = Debug|Any CPU
		{EFCB7215-91F5-4DBF-8B8E-B37ACA369FFD}.Release|Any CPU.ActiveCfg = Release|Any CPU
		{EFCB7215-91F5-4DBF-8B8E-B37ACA369FFD}.Release|Any CPU.Build.0 = Release|Any CPU
		{EFCB7215-91F5-4DBF-8B8E-B37ACA369FFD}.Release|x64.ActiveCfg = Release|Any CPU
		{EFCB7215-91F5-4DBF-8B8E-B37ACA369FFD}.Release|x64.Build.0 = Release|Any CPU
		{EFCB7215-91F5-4DBF-8B8E-B37ACA369FFD}.Release|x86.ActiveCfg = Release|Any CPU
		{EFCB7215-91F5-4DBF-8B8E-B37ACA369FFD}.Release|x86.Build.0 = Release|Any CPU
		{BB9F2F7B-F93A-4D91-B28C-1676AB92DDF0}.Debug|Any CPU.ActiveCfg = Debug|Any CPU
		{BB9F2F7B-F93A-4D91-B28C-1676AB92DDF0}.Debug|Any CPU.Build.0 = Debug|Any CPU
		{BB9F2F7B-F93A-4D91-B28C-1676AB92DDF0}.Debug|x64.ActiveCfg = Debug|Any CPU
		{BB9F2F7B-F93A-4D91-B28C-1676AB92DDF0}.Debug|x64.Build.0 = Debug|Any CPU
		{BB9F2F7B-F93A-4D91-B28C-1676AB92DDF0}.Debug|x86.ActiveCfg = Debug|Any CPU
		{BB9F2F7B-F93A-4D91-B28C-1676AB92DDF0}.Debug|x86.Build.0 = Debug|Any CPU
		{BB9F2F7B-F93A-4D91-B28C-1676AB92DDF0}.Release|Any CPU.ActiveCfg = Release|Any CPU
		{BB9F2F7B-F93A-4D91-B28C-1676AB92DDF0}.Release|Any CPU.Build.0 = Release|Any CPU
		{BB9F2F7B-F93A-4D91-B28C-1676AB92DDF0}.Release|x64.ActiveCfg = Release|Any CPU
		{BB9F2F7B-F93A-4D91-B28C-1676AB92DDF0}.Release|x64.Build.0 = Release|Any CPU
		{BB9F2F7B-F93A-4D91-B28C-1676AB92DDF0}.Release|x86.ActiveCfg = Release|Any CPU
		{BB9F2F7B-F93A-4D91-B28C-1676AB92DDF0}.Release|x86.Build.0 = Release|Any CPU
		{E0A9EC7F-FA41-4A9E-AC5C-DFA5ED7D6AC2}.Debug|Any CPU.ActiveCfg = Debug|Any CPU
		{E0A9EC7F-FA41-4A9E-AC5C-DFA5ED7D6AC2}.Debug|Any CPU.Build.0 = Debug|Any CPU
		{E0A9EC7F-FA41-4A9E-AC5C-DFA5ED7D6AC2}.Debug|x64.ActiveCfg = Debug|Any CPU
		{E0A9EC7F-FA41-4A9E-AC5C-DFA5ED7D6AC2}.Debug|x64.Build.0 = Debug|Any CPU
		{E0A9EC7F-FA41-4A9E-AC5C-DFA5ED7D6AC2}.Debug|x86.ActiveCfg = Debug|Any CPU
		{E0A9EC7F-FA41-4A9E-AC5C-DFA5ED7D6AC2}.Debug|x86.Build.0 = Debug|Any CPU
		{E0A9EC7F-FA41-4A9E-AC5C-DFA5ED7D6AC2}.Release|Any CPU.ActiveCfg = Release|Any CPU
		{E0A9EC7F-FA41-4A9E-AC5C-DFA5ED7D6AC2}.Release|Any CPU.Build.0 = Release|Any CPU
		{E0A9EC7F-FA41-4A9E-AC5C-DFA5ED7D6AC2}.Release|x64.ActiveCfg = Release|Any CPU
		{E0A9EC7F-FA41-4A9E-AC5C-DFA5ED7D6AC2}.Release|x64.Build.0 = Release|Any CPU
		{E0A9EC7F-FA41-4A9E-AC5C-DFA5ED7D6AC2}.Release|x86.ActiveCfg = Release|Any CPU
		{E0A9EC7F-FA41-4A9E-AC5C-DFA5ED7D6AC2}.Release|x86.Build.0 = Release|Any CPU
	EndGlobalSection
	GlobalSection(SolutionProperties) = preSolution
		HideSolutionNode = FALSE
	EndGlobalSection
	GlobalSection(NestedProjects) = preSolution
		{AB1ADF02-89B3-4843-A521-28446D89DB0C} = {827E0CD3-B72D-47B6-A68D-7590B98EB39B}
		{7B0EBF67-C2B5-4C02-83D3-2C2AF9AF44F7} = {827E0CD3-B72D-47B6-A68D-7590B98EB39B}
		{EFCB7215-91F5-4DBF-8B8E-B37ACA369FFD} = {827E0CD3-B72D-47B6-A68D-7590B98EB39B}
		{BB9F2F7B-F93A-4D91-B28C-1676AB92DDF0} = {827E0CD3-B72D-47B6-A68D-7590B98EB39B}
		{E0A9EC7F-FA41-4A9E-AC5C-DFA5ED7D6AC2} = {0AB3BF05-4346-4AA6-1389-037BE0695223}
	EndGlobalSection
EndGlobal
